
Microsoft Visual Studio Solution File, Format Version 12.00
# Visual Studio Version 17
VisualStudioVersion = 17.0.31903.59
MinimumVisualStudioVersion = 10.0.40219.1
Project("{FAE04EC0-301F-11D3-BF4B-00C04F79EFBC}") = "hashing", "Hashing\hashing.csproj", "{418DCBCC-08DD-44ED-A450-0D361E7DFB0E}"
EndProject
Project("{FAE04EC0-301F-11D3-BF4B-00C04F79EFBC}") = "MySecondTryOnHashing", "MySecondTryOnHashing\MySecondTryOnHashing.csproj", "{8A0ACA3F-F0FB-4A43-872C-FF3D034E3271}"
EndProject
Global
	GlobalSection(SolutionConfigurationPlatforms) = preSolution
		Debug|Any CPU = Debug|Any CPU
		Release|Any CPU = Release|Any CPU
	EndGlobalSection
	GlobalSection(SolutionProperties) = preSolution
		HideSolutionNode = FALSE
	EndGlobalSection
	GlobalSection(ProjectConfigurationPlatforms) = postSolution
		{418DCBCC-08DD-44ED-A450-0D361E7DFB0E}.Debug|Any CPU.ActiveCfg = Debug|Any CPU
		{418DCBCC-08DD-44ED-A450-0D361E7DFB0E}.Debug|Any CPU.Build.0 = Debug|Any CPU
		{418DCBCC-08DD-44ED-A450-0D361E7DFB0E}.Release|Any CPU.ActiveCfg = Release|Any CPU
		{418DCBCC-08DD-44ED-A450-0D361E7DFB0E}.Release|Any CPU.Build.0 = Release|Any CPU
		{8A0ACA3F-F0FB-4A43-872C-FF3D034E3271}.Debug|Any CPU.ActiveCfg = Debug|Any CPU
		{8A0ACA3F-F0FB-4A43-872C-FF3D034E3271}.Debug|Any CPU.Build.0 = Debug|Any CPU
		{8A0ACA3F-F0FB-4A43-872C-FF3D034E3271}.Release|Any CPU.ActiveCfg = Release|Any CPU
		{8A0ACA3F-F0FB-4A43-872C-FF3D034E3271}.Release|Any CPU.Build.0 = Release|Any CPU
	EndGlobalSection
EndGlobal
