
Microsoft Visual Studio Solution File, Format Version 12.00
# Visual Studio Version 17
VisualStudioVersion = 17.0.31903.59
MinimumVisualStudioVersion = 10.0.40219.1
Project("{FAE04EC0-301F-11D3-BF4B-00C04F79EFBC}") = "min-første-api", "min-første-api\min-første-api.csproj", "{703195F6-0EE2-4AB9-8975-9D5FDCC4717D}"
EndProject
Project("{FAE04EC0-301F-11D3-BF4B-00C04F79EFBC}") = "Opg7_Todo_task", "Opg7_Todo_task\Opg7_Todo_task.csproj", "{D1A26589-1675-4577-A5E6-13681DDE3639}"
EndProject
Global
	GlobalSection(SolutionConfigurationPlatforms) = preSolution
		Debug|Any CPU = Debug|Any CPU
		Release|Any CPU = Release|Any CPU
	EndGlobalSection
	GlobalSection(SolutionProperties) = preSolution
		HideSolutionNode = FALSE
	EndGlobalSection
	GlobalSection(ProjectConfigurationPlatforms) = postSolution
		{703195F6-0EE2-4AB9-8975-9D5FDCC4717D}.Debug|Any CPU.ActiveCfg = Debug|Any CPU
		{703195F6-0EE2-4AB9-8975-9D5FDCC4717D}.Debug|Any CPU.Build.0 = Debug|Any CPU
		{703195F6-0EE2-4AB9-8975-9D5FDCC4717D}.Release|Any CPU.ActiveCfg = Release|Any CPU
		{703195F6-0EE2-4AB9-8975-9D5FDCC4717D}.Release|Any CPU.Build.0 = Release|Any CPU
		{D1A26589-1675-4577-A5E6-13681DDE3639}.Debug|Any CPU.ActiveCfg = Debug|Any CPU
		{D1A26589-1675-4577-A5E6-13681DDE3639}.Debug|Any CPU.Build.0 = Debug|Any CPU
		{D1A26589-1675-4577-A5E6-13681DDE3639}.Release|Any CPU.ActiveCfg = Release|Any CPU
		{D1A26589-1675-4577-A5E6-13681DDE3639}.Release|Any CPU.Build.0 = Release|Any CPU
	EndGlobalSection
EndGlobal
